
Microsoft Visual Studio Solution File, Format Version 12.00
# Visual Studio 2013
VisualStudioVersion = 12.0.30501.0
MinimumVisualStudioVersion = 10.0.40219.1
Project("{2150E333-8FDC-42A3-9474-1A3956D46DE8}") = "Engine", "Engine", "{38541000-0F58-4C2B-88EF-4D63E2357EE0}"
EndProject
Project("{2150E333-8FDC-42A3-9474-1A3956D46DE8}") = "Games", "Games", "{3A74116A-85BB-4B39-BF59-0D2ECF15CC16}"
EndProject
Project("{8BC9CEB8-8B4A-11D0-8D11-00A0C91BC942}") = "Disease", "Intermediate\ProjectFiles\Disease.vcxproj", "{3A099339-3E06-420C-AE86-D5B187ADB8EA}"
EndProject
Project("{8BC9CEB8-8B4A-11D0-8D11-00A0C91BC942}") = "UE4", "Intermediate\ProjectFiles\UE4.vcxproj", "{1177F4A7-7959-4764-8379-607ACC8E0CB7}"
EndProject
Global
	GlobalSection(SolutionConfigurationPlatforms) = preSolution
		DebugGame Editor|Windows = DebugGame Editor|Windows
		DebugGame|Windows = DebugGame|Windows
		Development Editor|Windows = Development Editor|Windows
		Development|Windows = Development|Windows
		Shipping|Windows = Shipping|Windows
	EndGlobalSection
	GlobalSection(ProjectConfigurationPlatforms) = postSolution
		{3A099339-3E06-420C-AE86-D5B187ADB8EA}.DebugGame Editor|Windows.ActiveCfg = DebugGame_Editor|x64
		{3A099339-3E06-420C-AE86-D5B187ADB8EA}.DebugGame Editor|Windows.Build.0 = DebugGame_Editor|x64
		{3A099339-3E06-420C-AE86-D5B187ADB8EA}.DebugGame|Windows.ActiveCfg = DebugGame_Game|x64
		{3A099339-3E06-420C-AE86-D5B187ADB8EA}.DebugGame|Windows.Build.0 = DebugGame_Game|x64
		{3A099339-3E06-420C-AE86-D5B187ADB8EA}.Development Editor|Windows.ActiveCfg = Development_Editor|x64
		{3A099339-3E06-420C-AE86-D5B187ADB8EA}.Development Editor|Windows.Build.0 = Development_Editor|x64
		{3A099339-3E06-420C-AE86-D5B187ADB8EA}.Development|Windows.ActiveCfg = Development_Game|x64
		{3A099339-3E06-420C-AE86-D5B187ADB8EA}.Development|Windows.Build.0 = Development_Game|x64
		{3A099339-3E06-420C-AE86-D5B187ADB8EA}.Shipping|Windows.ActiveCfg = Shipping_Game|Win32
		{3A099339-3E06-420C-AE86-D5B187ADB8EA}.Shipping|Windows.Build.0 = Shipping_Game|Win32
		{1177F4A7-7959-4764-8379-607ACC8E0CB7}.DebugGame Editor|Windows.ActiveCfg = BuiltWithUnrealBuildTool|Win32
		{1177F4A7-7959-4764-8379-607ACC8E0CB7}.DebugGame|Windows.ActiveCfg = BuiltWithUnrealBuildTool|Win32
		{1177F4A7-7959-4764-8379-607ACC8E0CB7}.Development Editor|Windows.ActiveCfg = BuiltWithUnrealBuildTool|Win32
		{1177F4A7-7959-4764-8379-607ACC8E0CB7}.Development|Windows.ActiveCfg = BuiltWithUnrealBuildTool|Win32
		{1177F4A7-7959-4764-8379-607ACC8E0CB7}.Shipping|Windows.ActiveCfg = BuiltWithUnrealBuildTool|Win32
	EndGlobalSection
	GlobalSection(SolutionProperties) = preSolution
		HideSolutionNode = FALSE
	EndGlobalSection
	GlobalSection(NestedProjects) = preSolution
		{3A099339-3E06-420C-AE86-D5B187ADB8EA} = {3A74116A-85BB-4B39-BF59-0D2ECF15CC16}
		{1177F4A7-7959-4764-8379-607ACC8E0CB7} = {38541000-0F58-4C2B-88EF-4D63E2357EE0}
	EndGlobalSection
EndGlobal
